{
  "name": "host_commander",
  "version": "1.0.0",
  "lockfileVersion": 3,
  "requires": true,
  "packages": {
    "": {
      "name": "host_commander",
      "version": "1.0.0",
      "license": "ISC",
      "dependencies": {
        "cookie": "^1.0.2",
        "tough-cookie": "^5.1.0"
      }
    },
    "node_modules/cookie": {
      "version": "1.0.2",
      "resolved": "https://registry.npmjs.org/cookie/-/cookie-1.0.2.tgz",
      "integrity": "sha512-9Kr/j4O16ISv8zBBhJoi4bXOYNTkFLOqSL3UDB0njXxCXNezjeyVrJyGOWtgfs/q2km1gwBcfH8q1yEGoMYunA==",
      "license": "MIT",
      "engines": {
        "node": ">=18"
      }
    },
    "node_modules/tldts": {
      "version": "6.1.76",
      "resolved": "https://registry.npmjs.org/tldts/-/tldts-6.1.76.tgz",
      "integrity": "sha512-6U2ti64/nppsDxQs9hw8ephA3nO6nSQvVVfxwRw8wLQPFtLI1cFI1a1eP22g+LUP+1TA2pKKjUTwWB+K2coqmQ==",
      "license": "MIT",
      "dependencies": {
        "tldts-core": "^6.1.76"
      },
      "bin": {
        "tldts": "bin/cli.js"
      }
    },
    "node_modules/tldts-core": {
      "version": "6.1.76",
      "resolved": "https://registry.npmjs.org/tldts-core/-/tldts-core-6.1.76.tgz",
      "integrity": "sha512-uzhJ02RaMzgQR3yPoeE65DrcHI6LoM4saUqXOt/b5hmb3+mc4YWpdSeAQqVqRUlQ14q8ZuLRWyBR1ictK1dzzg==",
      "license": "MIT"
    },
    "node_modules/tough-cookie": {
      "version": "5.1.0",
      "resolved": "https://registry.npmjs.org/tough-cookie/-/tough-cookie-5.1.0.tgz",
      "integrity": "sha512-rvZUv+7MoBYTiDmFPBrhL7Ujx9Sk+q9wwm22x8c8T5IJaR+Wsyc7TNxbVxo84kZoRJZZMazowFLqpankBEQrGg==",
      "license": "BSD-3-Clause",
      "dependencies": {
        "tldts": "^6.1.32"
      },
      "engines": {
        "node": ">=16"
      }
    }
  }
}
